
Microsoft Visual Studio Solution File, Format Version 12.00
# Visual Studio Version 17
VisualStudioVersion = 17.0.31717.71
MinimumVisualStudioVersion = 10.0.40219.1
Project("{9A19103F-16F7-4668-BE54-9A1E7A4F7556}") = "MyApp.Client", "MyApp.Client.csproj", "{802AE82C-A3AC-49C6-AC96-C1D996801B5A}"
EndProject
Global
	GlobalSection(SolutionConfigurationPlatforms) = preSolution
		Debug|Any CPU = Debug|Any CPU
		Release|Any CPU = Release|Any CPU
	EndGlobalSection
	GlobalSection(ProjectConfigurationPlatforms) = postSolution
		{802AE82C-A3AC-49C6-AC96-C1D996801B5A}.Debug|Any CPU.ActiveCfg = Debug|Any CPU
		{802AE82C-A3AC-49C6-AC96-C1D996801B5A}.Debug|Any CPU.Build.0 = Debug|Any CPU
		{802AE82C-A3AC-49C6-AC96-C1D996801B5A}.Release|Any CPU.ActiveCfg = Release|Any CPU
		{802AE82C-A3AC-49C6-AC96-C1D996801B5A}.Release|Any CPU.Build.0 = Release|Any CPU
	EndGlobalSection
	GlobalSection(SolutionProperties) = preSolution
		HideSolutionNode = FALSE
	EndGlobalSection
	GlobalSection(ExtensibilityGlobals) = postSolution
		SolutionGuid = {4169C6E4-980C-41D6-9CBB-8A77327A19FA}
	EndGlobalSection
EndGlobal